<Solution>
  <Project Path="HW-L2-01-InitialFirstConsoleAppPart1/HW-L2-01-InitialFirstConsoleAppPart1.csproj" />
  <Project Path="HW-L2-01-InitialFirstConsoleAppPart1_002/HW-L2-01-InitialFirstConsoleAppPart1_002.csproj" />
  <Project Path="HW-L2-01-InitialFirstConsoleAppPart1_003/HW-L2-01-InitialFirstConsoleAppPart1_003.csproj" />
  <Project Path="HW-L2-01-InitialFirstConsoleAppPart1_004/HW-L2-01-InitialFirstConsoleAppPart1_004.csproj" />
  <Project Path="HW-L2-01-InitialFirstConsoleAppPart1_005/HW-L2-01-InitialFirstConsoleAppPart1_005.csproj" />
</Solution>
